
Microsoft Visual Studio Solution File, Format Version 12.00
# Visual Studio 2013
VisualStudioVersion = 12.0.40629.0
MinimumVisualStudioVersion = 10.0.40219.1
Project("{FAE04EC0-301F-11D3-BF4B-00C04F79EFBC}") = "BoardsGame", "BoardsGame\BoardsGame.csproj", "{4DDE2309-5B56-49BB-B374-F7DEF3155987}"
EndProject
Project("{FAE04EC0-301F-11D3-BF4B-00C04F79EFBC}") = "BoardsGameUT", "BoardsGameUT\BoardsGameUT.csproj", "{6388B3D0-A2C4-4A6B-9631-6D8F2D2401D9}"
EndProject
Global
	GlobalSection(SolutionConfigurationPlatforms) = preSolution
		Debug|Any CPU = Debug|Any CPU
		Release|Any CPU = Release|Any CPU
	EndGlobalSection
	GlobalSection(ProjectConfigurationPlatforms) = postSolution
		{4DDE2309-5B56-49BB-B374-F7DEF3155987}.Debug|Any CPU.ActiveCfg = Debug|Any CPU
		{4DDE2309-5B56-49BB-B374-F7DEF3155987}.Debug|Any CPU.Build.0 = Debug|Any CPU
		{4DDE2309-5B56-49BB-B374-F7DEF3155987}.Release|Any CPU.ActiveCfg = Release|Any CPU
		{4DDE2309-5B56-49BB-B374-F7DEF3155987}.Release|Any CPU.Build.0 = Release|Any CPU
		{6388B3D0-A2C4-4A6B-9631-6D8F2D2401D9}.Debug|Any CPU.ActiveCfg = Debug|Any CPU
		{6388B3D0-A2C4-4A6B-9631-6D8F2D2401D9}.Debug|Any CPU.Build.0 = Debug|Any CPU
		{6388B3D0-A2C4-4A6B-9631-6D8F2D2401D9}.Release|Any CPU.ActiveCfg = Release|Any CPU
		{6388B3D0-A2C4-4A6B-9631-6D8F2D2401D9}.Release|Any CPU.Build.0 = Release|Any CPU
	EndGlobalSection
	GlobalSection(SolutionProperties) = preSolution
		HideSolutionNode = FALSE
	EndGlobalSection
EndGlobal
